// !$*UTF8*$!
{
	archiveVersion = 1;
	classes = {
	};
	objectVersion = 56;
	objects = {

/* Begin PBXBuildFile section */
		A0C8B839A6DEF574662E25EE /* Pods_Geofence.framework in Frameworks */ = {isa = PBXBuildFile; fileRef = 1256AB136A28F5C573B9D53F /* Pods_Geofence.framework */; };
		F49D60C22D5CA52900B65C63 /* GeofenceApp.swift in Sources */ = {isa = PBXBuildFile; fileRef = F49D60C12D5CA52900B65C63 /* GeofenceApp.swift */; };
		F49D60C42D5CA52900B65C63 /* ContentView.swift in Sources */ = {isa = PBXBuildFile; fileRef = F49D60C32D5CA52900B65C63 /* ContentView.swift */; };
		F49D60C62D5CA52900B65C63 /* Assets.xcassets in Resources */ = {isa = PBXBuildFile; fileRef = F49D60C52D5CA52900B65C63 /* Assets.xcassets */; };
		F49D60C92D5CA52900B65C63 /* Preview Assets.xcassets in Resources */ = {isa = PBXBuildFile; fileRef = F49D60C82D5CA52900B65C63 /* Preview Assets.xcassets */; };
		F49D60D12D5CA5B600B65C63 /* GeofenceManager.swift in Sources */ = {isa = PBXBuildFile; fileRef = F49D60D02D5CA5B600B65C63 /* GeofenceManager.swift */; };
		F49D60D32D5CA5D200B65C63 /* LocationManager.swift in Sources */ = {isa = PBXBuildFile; fileRef = F49D60D22D5CA5D200B65C63 /* LocationManager.swift */; };
		F49D60D62D5CA5E700B65C63 /* GoogleMapView.swift in Sources */ = {isa = PBXBuildFile; fileRef = F49D60D52D5CA5E700B65C63 /* GoogleMapView.swift */; };
		F49D60D82D5CA61800B65C63 /* MapViewController.swift in Sources */ = {isa = PBXBuildFile; fileRef = F49D60D72D5CA61800B65C63 /* MapViewController.swift */; };
/* End PBXBuildFile section */

/* Begin PBXFileReference section */
		1256AB136A28F5C573B9D53F /* Pods_Geofence.framework */ = {isa = PBXFileReference; explicitFileType = wrapper.framework; includeInIndex = 0; path = Pods_Geofence.framework; sourceTree = BUILT_PRODUCTS_DIR; };
		5733C33D87E3ADCDDFEE7FCF /* Pods-Geofence.debug.xcconfig */ = {isa = PBXFileReference; includeInIndex = 1; lastKnownFileType = text.xcconfig; name = "Pods-Geofence.debug.xcconfig"; path = "Target Support Files/Pods-Geofence/Pods-Geofence.debug.xcconfig"; sourceTree = "<group>"; };
		CA093E444E950EB355725554 /* Pods-Geofence.release.xcconfig */ = {isa = PBXFileReference; includeInIndex = 1; lastKnownFileType = text.xcconfig; name = "Pods-Geofence.release.xcconfig"; path = "Target Support Files/Pods-Geofence/Pods-Geofence.release.xcconfig"; sourceTree = "<group>"; };
		F49D60BE2D5CA52900B65C63 /* Geofence.app */ = {isa = PBXFileReference; explicitFileType = wrapper.application; includeInIndex = 0; path = Geofence.app; sourceTree = BUILT_PRODUCTS_DIR; };
		F49D60C12D5CA52900B65C63 /* GeofenceApp.swift */ = {isa = PBXFileReference; lastKnownFileType = sourcecode.swift; path = GeofenceApp.swift; sourceTree = "<group>"; };
		F49D60C32D5CA52900B65C63 /* ContentView.swift */ = {isa = PBXFileReference; lastKnownFileType = sourcecode.swift; path = ContentView.swift; sourceTree = "<group>"; };
		F49D60C52D5CA52900B65C63 /* Assets.xcassets */ = {isa = PBXFileReference; lastKnownFileType = folder.assetcatalog; path = Assets.xcassets; sourceTree = "<group>"; };
		F49D60C82D5CA52900B65C63 /* Preview Assets.xcassets */ = {isa = PBXFileReference; lastKnownFileType = folder.assetcatalog; path = "Preview Assets.xcassets"; sourceTree = "<group>"; };
		F49D60D02D5CA5B600B65C63 /* GeofenceManager.swift */ = {isa = PBXFileReference; lastKnownFileType = sourcecode.swift; path = GeofenceManager.swift; sourceTree = "<group>"; };
		F49D60D22D5CA5D200B65C63 /* LocationManager.swift */ = {isa = PBXFileReference; lastKnownFileType = sourcecode.swift; path = LocationManager.swift; sourceTree = "<group>"; };
		F49D60D52D5CA5E700B65C63 /* GoogleMapView.swift */ = {isa = PBXFileReference; lastKnownFileType = sourcecode.swift; path = GoogleMapView.swift; sourceTree = "<group>"; };
		F49D60D72D5CA61800B65C63 /* MapViewController.swift */ = {isa = PBXFileReference; lastKnownFileType = sourcecode.swift; path = MapViewController.swift; sourceTree = "<group>"; };
		F49D60DA2D5CB35F00B65C63 /* Info.plist */ = {isa = PBXFileReference; lastKnownFileType = text.plist; path = Info.plist; sourceTree = "<group>"; };
/* End PBXFileReference section */

/* Begin PBXFrameworksBuildPhase section */
		F49D60BB2D5CA52900B65C63 /* Frameworks */ = {
			isa = PBXFrameworksBuildPhase;
			buildActionMask = 2147483647;
			files = (
				A0C8B839A6DEF574662E25EE /* Pods_Geofence.framework in Frameworks */,
			);
			runOnlyForDeploymentPostprocessing = 0;
		};
/* End PBXFrameworksBuildPhase section */

/* Begin PBXGroup section */
		15B47E5354E9DEA9EDD8137A /* Frameworks */ = {
			isa = PBXGroup;
			children = (
				1256AB136A28F5C573B9D53F /* Pods_Geofence.framework */,
			);
			name = Frameworks;
			sourceTree = "<group>";
		};
		6EC7BDD66CD9DAAD3AFA1B6A /* Pods */ = {
			isa = PBXGroup;
			children = (
				5733C33D87E3ADCDDFEE7FCF /* Pods-Geofence.debug.xcconfig */,
				CA093E444E950EB355725554 /* Pods-Geofence.release.xcconfig */,
			);
			path = Pods;
			sourceTree = "<group>";
		};
		F49D60B52D5CA52900B65C63 = {
			isa = PBXGroup;
			children = (
				F49D60C02D5CA52900B65C63 /* Geofence */,
				F49D60BF2D5CA52900B65C63 /* Products */,
				6EC7BDD66CD9DAAD3AFA1B6A /* Pods */,
				15B47E5354E9DEA9EDD8137A /* Frameworks */,
			);
			sourceTree = "<group>";
		};
		F49D60BF2D5CA52900B65C63 /* Products */ = {
			isa = PBXGroup;
			children = (
				F49D60BE2D5CA52900B65C63 /* Geofence.app */,
			);
			name = Products;
			sourceTree = "<group>";
		};
		F49D60C02D5CA52900B65C63 /* Geofence */ = {
			isa = PBXGroup;
			children = (
				F49D60DA2D5CB35F00B65C63 /* Info.plist */,
				F49D60C12D5CA52900B65C63 /* GeofenceApp.swift */,
				F49D60D42D5CA5DF00B65C63 /* View */,
				F49D60D92D5CA61D00B65C63 /* View Controller */,
				F49D60CF2D5CA5AF00B65C63 /* App Manager */,
				F49D60C52D5CA52900B65C63 /* Assets.xcassets */,
				F49D60C72D5CA52900B65C63 /* Preview Content */,
			);
			path = Geofence;
			sourceTree = "<group>";
		};
		F49D60C72D5CA52900B65C63 /* Preview Content */ = {
			isa = PBXGroup;
			children = (
				F49D60C82D5CA52900B65C63 /* Preview Assets.xcassets */,
			);
			path = "Preview Content";
			sourceTree = "<group>";
		};
		F49D60CF2D5CA5AF00B65C63 /* App Manager */ = {
			isa = PBXGroup;
			children = (
				F49D60D02D5CA5B600B65C63 /* GeofenceManager.swift */,
				F49D60D22D5CA5D200B65C63 /* LocationManager.swift */,
			);
			path = "App Manager";
			sourceTree = "<group>";
		};
		F49D60D42D5CA5DF00B65C63 /* View */ = {
			isa = PBXGroup;
			children = (
				F49D60C32D5CA52900B65C63 /* ContentView.swift */,
				F49D60D52D5CA5E700B65C63 /* GoogleMapView.swift */,
			);
			path = View;
			sourceTree = "<group>";
		};
		F49D60D92D5CA61D00B65C63 /* View Controller */ = {
			isa = PBXGroup;
			children = (
				F49D60D72D5CA61800B65C63 /* MapViewController.swift */,
			);
			path = "View Controller";
			sourceTree = "<group>";
		};
/* End PBXGroup section */

/* Begin PBXNativeTarget section */
		F49D60BD2D5CA52900B65C63 /* Geofence */ = {
			isa = PBXNativeTarget;
			buildConfigurationList = F49D60CC2D5CA52900B65C63 /* Build configuration list for PBXNativeTarget "Geofence" */;
			buildPhases = (
				CE8E58BEA6A9936DBEB57347 /* [CP] Check Pods Manifest.lock */,
				F49D60BA2D5CA52900B65C63 /* Sources */,
				F49D60BB2D5CA52900B65C63 /* Frameworks */,
				F49D60BC2D5CA52900B65C63 /* Resources */,
				923735D84B9D0CA2C13EDBF0 /* [CP] Copy Pods Resources */,
			);
			buildRules = (
			);
			dependencies = (
			);
			name = Geofence;
			productName = Geofence;
			productReference = F49D60BE2D5CA52900B65C63 /* Geofence.app */;
			productType = "com.apple.product-type.application";
		};
/* End PBXNativeTarget section */

/* Begin PBXProject section */
		F49D60B62D5CA52900B65C63 /* Project object */ = {
			isa = PBXProject;
			attributes = {
				BuildIndependentTargetsInParallel = 1;
				LastSwiftUpdateCheck = 1530;
				LastUpgradeCheck = 1530;
				TargetAttributes = {
					F49D60BD2D5CA52900B65C63 = {
						CreatedOnToolsVersion = 15.3;
					};
				};
			};
			buildConfigurationList = F49D60B92D5CA52900B65C63 /* Build configuration list for PBXProject "Geofence" */;
			compatibilityVersion = "Xcode 14.0";
			developmentRegion = en;
			hasScannedForEncodings = 0;
			knownRegions = (
				en,
				Base,
			);
			mainGroup = F49D60B52D5CA52900B65C63;
			productRefGroup = F49D60BF2D5CA52900B65C63 /* Products */;
			projectDirPath = "";
			projectRoot = "";
			targets = (
				F49D60BD2D5CA52900B65C63 /* Geofence */,
			);
		};
/* End PBXProject section */

/* Begin PBXResourcesBuildPhase section */
		F49D60BC2D5CA52900B65C63 /* Resources */ = {
			isa = PBXResourcesBuildPhase;
			buildActionMask = 2147483647;
			files = (
				F49D60C92D5CA52900B65C63 /* Preview Assets.xcassets in Resources */,
				F49D60C62D5CA52900B65C63 /* Assets.xcassets in Resources */,
			);
			runOnlyForDeploymentPostprocessing = 0;
		};
/* End PBXResourcesBuildPhase section */

/* Begin PBXShellScriptBuildPhase section */
		923735D84B9D0CA2C13EDBF0 /* [CP] Copy Pods Resources */ = {
			isa = PBXShellScriptBuildPhase;
			buildActionMask = 2147483647;
			files = (
			);
			inputFileListPaths = (
				"${PODS_ROOT}/Target Support Files/Pods-Geofence/Pods-Geofence-resources-${CONFIGURATION}-input-files.xcfilelist",
			);
			name = "[CP] Copy Pods Resources";
			outputFileListPaths = (
				"${PODS_ROOT}/Target Support Files/Pods-Geofence/Pods-Geofence-resources-${CONFIGURATION}-output-files.xcfilelist",
			);
			runOnlyForDeploymentPostprocessing = 0;
			shellPath = /bin/sh;
			shellScript = "\"${PODS_ROOT}/Target Support Files/Pods-Geofence/Pods-Geofence-resources.sh\"\n";
			showEnvVarsInLog = 0;
		};
		CE8E58BEA6A9936DBEB57347 /* [CP] Check Pods Manifest.lock */ = {
			isa = PBXShellScriptBuildPhase;
			buildActionMask = 2147483647;
			files = (
			);
			inputFileListPaths = (
			);
			inputPaths = (
				"${PODS_PODFILE_DIR_PATH}/Podfile.lock",
				"${PODS_ROOT}/Manifest.lock",
			);
			name = "[CP] Check Pods Manifest.lock";
			outputFileListPaths = (
			);
			outputPaths = (
				"$(DERIVED_FILE_DIR)/Pods-Geofence-checkManifestLockResult.txt",
			);
			runOnlyForDeploymentPostprocessing = 0;
			shellPath = /bin/sh;
			shellScript = "diff \"${PODS_PODFILE_DIR_PATH}/Podfile.lock\" \"${PODS_ROOT}/Manifest.lock\" > /dev/null\nif [ $? != 0 ] ; then\n    # print error to STDERR\n    echo \"error: The sandbox is not in sync with the Podfile.lock. Run 'pod install' or update your CocoaPods installation.\" >&2\n    exit 1\nfi\n# This output is used by Xcode 'outputs' to avoid re-running this script phase.\necho \"SUCCESS\" > \"${SCRIPT_OUTPUT_FILE_0}\"\n";
			showEnvVarsInLog = 0;
		};
/* End PBXShellScriptBuildPhase section */

/* Begin PBXSourcesBuildPhase section */
		F49D60BA2D5CA52900B65C63 /* Sources */ = {
			isa = PBXSourcesBuildPhase;
			buildActionMask = 2147483647;
			files = (
				F49D60C42D5CA52900B65C63 /* ContentView.swift in Sources */,
				F49D60C22D5CA52900B65C63 /* GeofenceApp.swift in Sources */,
				F49D60D82D5CA61800B65C63 /* MapViewController.swift in Sources */,
				F49D60D32D5CA5D200B65C63 /* LocationManager.swift in Sources */,
				F49D60D12D5CA5B600B65C63 /* GeofenceManager.swift in Sources */,
				F49D60D62D5CA5E700B65C63 /* GoogleMapView.swift in Sources */,
			);
			runOnlyForDeploymentPostprocessing = 0;
		};
/* End PBXSourcesBuildPhase section */

/* Begin XCBuildConfiguration section */
		F49D60CA2D5CA52900B65C63 /* Debug */ = {
			isa = XCBuildConfiguration;
			buildSettings = {
				ALWAYS_SEARCH_USER_PATHS = NO;
				ASSETCATALOG_COMPILER_GENERATE_SWIFT_ASSET_SYMBOL_EXTENSIONS = YES;
				CLANG_ANALYZER_NONNULL = YES;
				CLANG_ANALYZER_NUMBER_OBJECT_CONVERSION = YES_AGGRESSIVE;
				CLANG_CXX_LANGUAGE_STANDARD = "gnu++20";
				CLANG_ENABLE_MODULES = YES;
				CLANG_ENABLE_OBJC_ARC = YES;
				CLANG_ENABLE_OBJC_WEAK = YES;
				CLANG_WARN_BLOCK_CAPTURE_AUTORELEASING = YES;
				CLANG_WARN_BOOL_CONVERSION = YES;
				CLANG_WARN_COMMA = YES;
				CLANG_WARN_CONSTANT_CONVERSION = YES;
				CLANG_WARN_DEPRECATED_OBJC_IMPLEMENTATIONS = YES;
				CLANG_WARN_DIRECT_OBJC_ISA_USAGE = YES_ERROR;
				CLANG_WARN_DOCUMENTATION_COMMENTS = YES;
				CLANG_WARN_EMPTY_BODY = YES;
				CLANG_WARN_ENUM_CONVERSION = YES;
				CLANG_WARN_INFINITE_RECURSION = YES;
				CLANG_WARN_INT_CONVERSION = YES;
				CLANG_WARN_NON_LITERAL_NULL_CONVERSION = YES;
				CLANG_WARN_OBJC_IMPLICIT_RETAIN_SELF = YES;
				CLANG_WARN_OBJC_LITERAL_CONVERSION = YES;
				CLANG_WARN_OBJC_ROOT_CLASS = YES_ERROR;
				CLANG_WARN_QUOTED_INCLUDE_IN_FRAMEWORK_HEADER = YES;
				CLANG_WARN_RANGE_LOOP_ANALYSIS = YES;
				CLANG_WARN_STRICT_PROTOTYPES = YES;
				CLANG_WARN_SUSPICIOUS_MOVE = YES;
				CLANG_WARN_UNGUARDED_AVAILABILITY = YES_AGGRESSIVE;
				CLANG_WARN_UNREACHABLE_CODE = YES;
				CLANG_WARN__DUPLICATE_METHOD_MATCH = YES;
				COPY_PHASE_STRIP = NO;
				DEBUG_INFORMATION_FORMAT = dwarf;
				ENABLE_STRICT_OBJC_MSGSEND = YES;
				ENABLE_TESTABILITY = YES;
				ENABLE_USER_SCRIPT_SANDBOXING = NO;
				GCC_C_LANGUAGE_STANDARD = gnu17;
				GCC_DYNAMIC_NO_PIC = NO;
				GCC_NO_COMMON_BLOCKS = YES;
				GCC_OPTIMIZATION_LEVEL = 0;
				GCC_PREPROCESSOR_DEFINITIONS = (
					"DEBUG=1",
					"$(inherited)",
				);
				GCC_WARN_64_TO_32_BIT_CONVERSION = YES;
				GCC_WARN_ABOUT_RETURN_TYPE = YES_ERROR;
				GCC_WARN_UNDECLARED_SELECTOR = YES;
				GCC_WARN_UNINITIALIZED_AUTOS = YES_AGGRESSIVE;
				GCC_WARN_UNUSED_FUNCTION = YES;
				GCC_WARN_UNUSED_VARIABLE = YES;
				IPHONEOS_DEPLOYMENT_TARGET = 15;
				LOCALIZATION_PREFERS_STRING_CATALOGS = YES;
				MTL_ENABLE_DEBUG_INFO = INCLUDE_SOURCE;
				MTL_FAST_MATH = YES;
				ONLY_ACTIVE_ARCH = YES;
				SDKROOT = iphoneos;
				SWIFT_ACTIVE_COMPILATION_CONDITIONS = "DEBUG $(inherited)";
				SWIFT_OPTIMIZATION_LEVEL = "-Onone";
			};
			name = Debug;
		};
		F49D60CB2D5CA52900B65C63 /* Release */ = {
			isa = XCBuildConfiguration;
			buildSettings = {
				ALWAYS_SEARCH_USER_PATHS = NO;
				ASSETCATALOG_COMPILER_GENERATE_SWIFT_ASSET_SYMBOL_EXTENSIONS = YES;
				CLANG_ANALYZER_NONNULL = YES;
				CLANG_ANALYZER_NUMBER_OBJECT_CONVERSION = YES_AGGRESSIVE;
				CLANG_CXX_LANGUAGE_STANDARD = "gnu++20";
				CLANG_ENABLE_MODULES = YES;
				CLANG_ENABLE_OBJC_ARC = YES;
				CLANG_ENABLE_OBJC_WEAK = YES;
				CLANG_WARN_BLOCK_CAPTURE_AUTORELEASING = YES;
				CLANG_WARN_BOOL_CONVERSION = YES;
				CLANG_WARN_COMMA = YES;
				CLANG_WARN_CONSTANT_CONVERSION = YES;
				CLANG_WARN_DEPRECATED_OBJC_IMPLEMENTATIONS = YES;
				CLANG_WARN_DIRECT_OBJC_ISA_USAGE = YES_ERROR;
				CLANG_WARN_DOCUMENTATION_COMMENTS = YES;
				CLANG_WARN_EMPTY_BODY = YES;
				CLANG_WARN_ENUM_CONVERSION = YES;
				CLANG_WARN_INFINITE_RECURSION = YES;
				CLANG_WARN_INT_CONVERSION = YES;
				CLANG_WARN_NON_LITERAL_NULL_CONVERSION = YES;
				CLANG_WARN_OBJC_IMPLICIT_RETAIN_SELF = YES;
				CLANG_WARN_OBJC_LITERAL_CONVERSION = YES;
				CLANG_WARN_OBJC_ROOT_CLASS = YES_ERROR;
				CLANG_WARN_QUOTED_INCLUDE_IN_FRAMEWORK_HEADER = YES;
				CLANG_WARN_RANGE_LOOP_ANALYSIS = YES;
				CLANG_WARN_STRICT_PROTOTYPES = YES;
				CLANG_WARN_SUSPICIOUS_MOVE = YES;
				CLANG_WARN_UNGUARDED_AVAILABILITY = YES_AGGRESSIVE;
				CLANG_WARN_UNREACHABLE_CODE = YES;
				CLANG_WARN__DUPLICATE_METHOD_MATCH = YES;
				COPY_PHASE_STRIP = NO;
				DEBUG_INFORMATION_FORMAT = "dwarf-with-dsym";
				ENABLE_NS_ASSERTIONS = NO;
				ENABLE_STRICT_OBJC_MSGSEND = YES;
				ENABLE_USER_SCRIPT_SANDBOXING = NO;
				GCC_C_LANGUAGE_STANDARD = gnu17;
				GCC_NO_COMMON_BLOCKS = YES;
				GCC_WARN_64_TO_32_BIT_CONVERSION = YES;
				GCC_WARN_ABOUT_RETURN_TYPE = YES_ERROR;
				GCC_WARN_UNDECLARED_SELECTOR = YES;
				GCC_WARN_UNINITIALIZED_AUTOS = YES_AGGRESSIVE;
				GCC_WARN_UNUSED_FUNCTION = YES;
				GCC_WARN_UNUSED_VARIABLE = YES;
				IPHONEOS_DEPLOYMENT_TARGET = 15;
				LOCALIZATION_PREFERS_STRING_CATALOGS = YES;
				MTL_ENABLE_DEBUG_INFO = NO;
				MTL_FAST_MATH = YES;
				SDKROOT = iphoneos;
				SWIFT_COMPILATION_MODE = wholemodule;
				VALIDATE_PRODUCT = YES;
			};
			name = Release;
		};
		F49D60CD2D5CA52900B65C63 /* Debug */ = {
			isa = XCBuildConfiguration;
			baseConfigurationReference = 5733C33D87E3ADCDDFEE7FCF /* Pods-Geofence.debug.xcconfig */;
			buildSettings = {
				ASSETCATALOG_COMPILER_APPICON_NAME = AppIcon;
				ASSETCATALOG_COMPILER_GLOBAL_ACCENT_COLOR_NAME = AccentColor;
				CODE_SIGN_IDENTITY = "Apple Development";
				CODE_SIGN_STYLE = Automatic;
				CURRENT_PROJECT_VERSION = 1;
				DEVELOPMENT_ASSET_PATHS = "\"Geofence/Preview Content\"";
				DEVELOPMENT_TEAM = G6A84U52VG;
				ENABLE_PREVIEWS = YES;
				GENERATE_INFOPLIST_FILE = YES;
				INFOPLIST_FILE = Geofence/Info.plist;
				INFOPLIST_KEY_NSLocationAlwaysAndWhenInUseUsageDescription = "We need continuous location access for geofencing features.";
				INFOPLIST_KEY_NSLocationAlwaysUsageDescription = "We need access to your location even when the app is in the background.";
				INFOPLIST_KEY_NSLocationWhenInUseUsageDescription = "We need your location to provide map services";
				INFOPLIST_KEY_UIApplicationSceneManifest_Generation = YES;
				INFOPLIST_KEY_UIApplicationSupportsIndirectInputEvents = YES;
				INFOPLIST_KEY_UILaunchScreen_Generation = YES;
				INFOPLIST_KEY_UISupportedInterfaceOrientations_iPad = "UIInterfaceOrientationPortrait UIInterfaceOrientationPortraitUpsideDown UIInterfaceOrientationLandscapeLeft UIInterfaceOrientationLandscapeRight";
				INFOPLIST_KEY_UISupportedInterfaceOrientations_iPhone = "UIInterfaceOrientationPortrait UIInterfaceOrientationLandscapeLeft UIInterfaceOrientationLandscapeRight";
				IPHONEOS_DEPLOYMENT_TARGET = 15;
				LD_RUNPATH_SEARCH_PATHS = (
					"$(inherited)",
					"@executable_path/Frameworks",
				);
				MARKETING_VERSION = 1.0;
				PRODUCT_BUNDLE_IDENTIFIER = com.shekhar.Geofence;
				PRODUCT_NAME = "$(TARGET_NAME)";
				PROVISIONING_PROFILE_SPECIFIER = "";
				SWIFT_EMIT_LOC_STRINGS = YES;
				SWIFT_VERSION = 5.0;
				TARGETED_DEVICE_FAMILY = "1,2";
			};
			name = Debug;
		};
		F49D60CE2D5CA52900B65C63 /* Release */ = {
			isa = XCBuildConfiguration;
			baseConfigurationReference = CA093E444E950EB355725554 /* Pods-Geofence.release.xcconfig */;
			buildSettings = {
				ASSETCATALOG_COMPILER_APPICON_NAME = AppIcon;
				ASSETCATALOG_COMPILER_GLOBAL_ACCENT_COLOR_NAME = AccentColor;
				CODE_SIGN_IDENTITY = "Apple Development";
				CODE_SIGN_STYLE = Automatic;
				CURRENT_PROJECT_VERSION = 1;
				DEVELOPMENT_ASSET_PATHS = "\"Geofence/Preview Content\"";
				DEVELOPMENT_TEAM = G6A84U52VG;
				ENABLE_PREVIEWS = YES;
				GENERATE_INFOPLIST_FILE = YES;
				INFOPLIST_FILE = Geofence/Info.plist;
				INFOPLIST_KEY_NSLocationAlwaysAndWhenInUseUsageDescription = "We need continuous location access for geofencing features.";
				INFOPLIST_KEY_NSLocationAlwaysUsageDescription = "We need access to your location even when the app is in the background.";
				INFOPLIST_KEY_NSLocationWhenInUseUsageDescription = "We need your location to provide map services";
				INFOPLIST_KEY_UIApplicationSceneManifest_Generation = YES;
				INFOPLIST_KEY_UIApplicationSupportsIndirectInputEvents = YES;
				INFOPLIST_KEY_UILaunchScreen_Generation = YES;
				INFOPLIST_KEY_UISupportedInterfaceOrientations_iPad = "UIInterfaceOrientationPortrait UIInterfaceOrientationPortraitUpsideDown UIInterfaceOrientationLandscapeLeft UIInterfaceOrientationLandscapeRight";
				INFOPLIST_KEY_UISupportedInterfaceOrientations_iPhone = "UIInterfaceOrientationPortrait UIInterfaceOrientationLandscapeLeft UIInterfaceOrientationLandscapeRight";
				IPHONEOS_DEPLOYMENT_TARGET = 15;
				LD_RUNPATH_SEARCH_PATHS = (
					"$(inherited)",
					"@executable_path/Frameworks",
				);
				MARKETING_VERSION = 1.0;
				PRODUCT_BUNDLE_IDENTIFIER = com.shekhar.Geofence;
				PRODUCT_NAME = "$(TARGET_NAME)";
				PROVISIONING_PROFILE_SPECIFIER = "";
				SWIFT_EMIT_LOC_STRINGS = YES;
				SWIFT_VERSION = 5.0;
				TARGETED_DEVICE_FAMILY = "1,2";
			};
			name = Release;
		};
/* End XCBuildConfiguration section */

/* Begin XCConfigurationList section */
		F49D60B92D5CA52900B65C63 /* Build configuration list for PBXProject "Geofence" */ = {
			isa = XCConfigurationList;
			buildConfigurations = (
				F49D60CA2D5CA52900B65C63 /* Debug */,
				F49D60CB2D5CA52900B65C63 /* Release */,
			);
			defaultConfigurationIsVisible = 0;
			defaultConfigurationName = Release;
		};
		F49D60CC2D5CA52900B65C63 /* Build configuration list for PBXNativeTarget "Geofence" */ = {
			isa = XCConfigurationList;
			buildConfigurations = (
				F49D60CD2D5CA52900B65C63 /* Debug */,
				F49D60CE2D5CA52900B65C63 /* Release */,
			);
			defaultConfigurationIsVisible = 0;
			defaultConfigurationName = Release;
		};
/* End XCConfigurationList section */
	};
	rootObject = F49D60B62D5CA52900B65C63 /* Project object */;
}
